{
  "name": "deno-npm-demo",
  "version": "0.1.0",
  "lockfileVersion": 1,
  "requires": true,
  "dependencies": {
    "htm": {
      "version": "3.0.3",
      "resolved": "https://registry.npmjs.org/htm/-/htm-3.0.3.tgz",
      "integrity": "sha512-+LZu7FSZJNo/mGhF5zOgyLdcYTQ8brOqwJFXwP/F/Q9IyvBp3HcYT1tk5A6rf67NEW0VEV+2Y8O4pMGmBIci/w=="
    },
    "preact": {
      "version": "10.3.4",
      "resolved": "https://registry.npmjs.org/preact/-/preact-10.3.4.tgz",
      "integrity": "sha512-wMgzs/RGYf0I1PZf8ZFJdyU/3kCcwepJyVYe+N9FGajyQWarMoPrPfrQajcG0psPj6ySYv2cSuLYFCihvV/Qrw=="
    },
    "preact-render-to-string": {
      "version": "5.1.4",
      "resolved": "https://registry.npmjs.org/preact-render-to-string/-/preact-render-to-string-5.1.4.tgz",
      "integrity": "sha512-fQyrkbn4Ustz5Gr4nQuTu2TIS+8IHqkIXf/SqstA2amgqLoPI6Z1e6Ttk5OL4jcE3MC6V+eaeRAed39sn8Oh4w==",
      "requires": {
        "pretty-format": "^3.8.0"
      }
    },
    "pretty-format": {
      "version": "3.8.0",
      "resolved": "https://registry.npmjs.org/pretty-format/-/pretty-format-3.8.0.tgz",
      "integrity": "sha1-v77VbV6ad2ZF9LH/eqGjrE+jw4U="
    }
  }
}
