dependencies:
  htm: 3.0.3
  preact: 10.3.4
  preact-render-to-string: 5.1.4_preact@10.3.4
lockfileVersion: 5.1
packages:
  /htm/3.0.3:
    dev: false
    resolution:
      integrity: sha512-+LZu7FSZJNo/mGhF5zOgyLdcYTQ8brOqwJFXwP/F/Q9IyvBp3HcYT1tk5A6rf67NEW0VEV+2Y8O4pMGmBIci/w==
  /preact-render-to-string/5.1.4_preact@10.3.4:
    dependencies:
      preact: 10.3.4
      pretty-format: 3.8.0
    dev: false
    peerDependencies:
      preact: '>=10 || ^10.0.0-alpha.0 || ^10.0.0-beta.0'
    resolution:
      integrity: sha512-fQyrkbn4Ustz5Gr4nQuTu2TIS+8IHqkIXf/SqstA2amgqLoPI6Z1e6Ttk5OL4jcE3MC6V+eaeRAed39sn8Oh4w==
  /preact/10.3.4:
    dev: false
    resolution:
      integrity: sha512-wMgzs/RGYf0I1PZf8ZFJdyU/3kCcwepJyVYe+N9FGajyQWarMoPrPfrQajcG0psPj6ySYv2cSuLYFCihvV/Qrw==
  /pretty-format/3.8.0:
    dev: false
    resolution:
      integrity: sha1-v77VbV6ad2ZF9LH/eqGjrE+jw4U=
specifiers:
  htm: ^3.0.3
  preact: ^10.3.4
  preact-render-to-string: ^5.1.4
